Microsoft Visual Studio Solution File, Format Version 12.00
# Visual Studio Version 17
VisualStudioVersion = 17.5.2.0
MinimumVisualStudioVersion = 10.0.40219.1
Project("{FAE04EC0-301F-11D3-BF4B-00C04F79EFBC}") = "CrudDemo", "CrudDemo.csproj", "{E7DF4B46-E8F1-30A8-CBBA-377DF6471DBD}"
EndProject
Global
	GlobalSection(SolutionConfigurationPlatforms) = preSolution
		Debug|Any CPU = Debug|Any CPU
		Release|Any CPU = Release|Any CPU
	EndGlobalSection
	GlobalSection(ProjectConfigurationPlatforms) = postSolution
		{E7DF4B46-E8F1-30A8-CBBA-377DF6471DBD}.Debug|Any CPU.ActiveCfg = Debug|Any CPU
		{E7DF4B46-E8F1-30A8-CBBA-377DF6471DBD}.Debug|Any CPU.Build.0 = Debug|Any CPU
		{E7DF4B46-E8F1-30A8-CBBA-377DF6471DBD}.Release|Any CPU.ActiveCfg = Release|Any CPU
		{E7DF4B46-E8F1-30A8-CBBA-377DF6471DBD}.Release|Any CPU.Build.0 = Release|Any CPU
	EndGlobalSection
	GlobalSection(SolutionProperties) = preSolution
		HideSolutionNode = FALSE
	EndGlobalSection
	GlobalSection(ExtensibilityGlobals) = postSolution
		SolutionGuid = {43F492B1-0DC7-4DDF-AB14-1628A137EC23}
	EndGlobalSection
EndGlobal
